
Microsoft Visual Studio Solution File, Format Version 12.00
# Visual Studio Version 17
VisualStudioVersion = 17.12.35707.178
MinimumVisualStudioVersion = 10.0.40219.1
Project("{2150E333-8FDC-42A3-9474-1A3956D46DE8}") = "src", "src", "{5948DE0B-A959-420E-9616-C9C9293C1E86}"
EndProject
Project("{2150E333-8FDC-42A3-9474-1A3956D46DE8}") = "tests", "tests", "{A51CE642-696B-4CB8-9474-21851E2B84BA}"
EndProject
Project("{2150E333-8FDC-42A3-9474-1A3956D46DE8}") = "Backend", "Backend", "{603424EA-AAF6-420A-AC06-AD069FEA949A}"
	ProjectSection(SolutionItems) = preProject
		docker-compose.yml = docker-compose.yml
	EndProjectSection
EndProject
Project("{2150E333-8FDC-42A3-9474-1A3956D46DE8}") = "Shared", "Shared", "{824CBB8D-554B-406D-A3EC-497DA6AE697D}"
EndProject
Project("{FAE04EC0-301F-11D3-BF4B-00C04F79EFBC}") = "RevenuesBook.API", "src\Backend\RevenuesBook.API\RevenuesBook.API.csproj", "{7428185B-04FB-468E-B342-57B9409FE8FD}"
EndProject
Project("{FAE04EC0-301F-11D3-BF4B-00C04F79EFBC}") = "RevenuesBook.Domain", "src\Backend\RevenuesBook.Domain\RevenuesBook.Domain.csproj", "{4BE15865-8EAB-4A9B-9E5C-65DB3F38E4DF}"
EndProject
Project("{FAE04EC0-301F-11D3-BF4B-00C04F79EFBC}") = "RevenuesBook.Communication", "src\Shared\RevenuesBook.Communication\RevenuesBook.Communication.csproj", "{E9A3A73B-1852-440B-BC32-DC23B9609233}"
EndProject
Project("{FAE04EC0-301F-11D3-BF4B-00C04F79EFBC}") = "RevenuesBook.Exceptions", "src\Shared\RevenuesBook.Exceptions\RevenuesBook.Exceptions.csproj", "{EBB65FC8-4BAF-42CC-9ED9-5916A3005E4A}"
EndProject
Project("{2150E333-8FDC-42A3-9474-1A3956D46DE8}") = "Solution Items", "Solution Items", "{0FF4F109-EF03-4A21-A6B5-4C699923291C}"
	ProjectSection(SolutionItems) = preProject
		.gitignore = .gitignore
		README.md = README.md
	EndProjectSection
EndProject
Project("{FAE04EC0-301F-11D3-BF4B-00C04F79EFBC}") = "RevenuesBook.UnitTests", "tests\RevenuesBook.UnitTests\RevenuesBook.UnitTests.csproj", "{F703ECDA-596C-4A66-ACF8-D232E8FE8831}"
EndProject
Project("{FAE04EC0-301F-11D3-BF4B-00C04F79EFBC}") = "RevenuesBook.Infra", "src\Backend\RevenuesBook.Infra\RevenuesBook.Infra.csproj", "{42DAE8A4-A4F4-405D-91BB-7DB368D1D3E8}"
EndProject
Project("{FAE04EC0-301F-11D3-BF4B-00C04F79EFBC}") = "RevenuesBook.Application", "src\Backend\RevenuesBook.Application\RevenuesBook.Application.csproj", "{9FC31484-E0F9-47FE-BCF7-74AF29856883}"
EndProject
Project("{FAE04EC0-301F-11D3-BF4B-00C04F79EFBC}") = "CommonTestUtilities", "CommonTestUtilities\CommonTestUtilities.csproj", "{45ADA387-3A0A-4F9C-8A6F-6D51B64F52C2}"
EndProject
Project("{FAE04EC0-301F-11D3-BF4B-00C04F79EFBC}") = "RevenuesBook.IntegrationTests", "RevenuesBook.IntegrationTests\RevenuesBook.IntegrationTests.csproj", "{41D36BF5-4B25-4C53-83D7-855ABE97329D}"
EndProject
Global
	GlobalSection(SolutionConfigurationPlatforms) = preSolution
		Debug|Any CPU = Debug|Any CPU
		Release|Any CPU = Release|Any CPU
	EndGlobalSection
	GlobalSection(ProjectConfigurationPlatforms) = postSolution
		{7428185B-04FB-468E-B342-57B9409FE8FD}.Debug|Any CPU.ActiveCfg = Debug|Any CPU
		{7428185B-04FB-468E-B342-57B9409FE8FD}.Debug|Any CPU.Build.0 = Debug|Any CPU
		{7428185B-04FB-468E-B342-57B9409FE8FD}.Release|Any CPU.ActiveCfg = Release|Any CPU
		{7428185B-04FB-468E-B342-57B9409FE8FD}.Release|Any CPU.Build.0 = Release|Any CPU
		{4BE15865-8EAB-4A9B-9E5C-65DB3F38E4DF}.Debug|Any CPU.ActiveCfg = Debug|Any CPU
		{4BE15865-8EAB-4A9B-9E5C-65DB3F38E4DF}.Debug|Any CPU.Build.0 = Debug|Any CPU
		{4BE15865-8EAB-4A9B-9E5C-65DB3F38E4DF}.Release|Any CPU.ActiveCfg = Release|Any CPU
		{4BE15865-8EAB-4A9B-9E5C-65DB3F38E4DF}.Release|Any CPU.Build.0 = Release|Any CPU
		{E9A3A73B-1852-440B-BC32-DC23B9609233}.Debug|Any CPU.ActiveCfg = Debug|Any CPU
		{E9A3A73B-1852-440B-BC32-DC23B9609233}.Debug|Any CPU.Build.0 = Debug|Any CPU
		{E9A3A73B-1852-440B-BC32-DC23B9609233}.Release|Any CPU.ActiveCfg = Release|Any CPU
		{E9A3A73B-1852-440B-BC32-DC23B9609233}.Release|Any CPU.Build.0 = Release|Any CPU
		{EBB65FC8-4BAF-42CC-9ED9-5916A3005E4A}.Debug|Any CPU.ActiveCfg = Debug|Any CPU
		{EBB65FC8-4BAF-42CC-9ED9-5916A3005E4A}.Debug|Any CPU.Build.0 = Debug|Any CPU
		{EBB65FC8-4BAF-42CC-9ED9-5916A3005E4A}.Release|Any CPU.ActiveCfg = Release|Any CPU
		{EBB65FC8-4BAF-42CC-9ED9-5916A3005E4A}.Release|Any CPU.Build.0 = Release|Any CPU
		{F703ECDA-596C-4A66-ACF8-D232E8FE8831}.Debug|Any CPU.ActiveCfg = Debug|Any CPU
		{F703ECDA-596C-4A66-ACF8-D232E8FE8831}.Debug|Any CPU.Build.0 = Debug|Any CPU
		{F703ECDA-596C-4A66-ACF8-D232E8FE8831}.Release|Any CPU.ActiveCfg = Release|Any CPU
		{F703ECDA-596C-4A66-ACF8-D232E8FE8831}.Release|Any CPU.Build.0 = Release|Any CPU
		{42DAE8A4-A4F4-405D-91BB-7DB368D1D3E8}.Debug|Any CPU.ActiveCfg = Debug|Any CPU
		{42DAE8A4-A4F4-405D-91BB-7DB368D1D3E8}.Debug|Any CPU.Build.0 = Debug|Any CPU
		{42DAE8A4-A4F4-405D-91BB-7DB368D1D3E8}.Release|Any CPU.ActiveCfg = Release|Any CPU
		{42DAE8A4-A4F4-405D-91BB-7DB368D1D3E8}.Release|Any CPU.Build.0 = Release|Any CPU
		{9FC31484-E0F9-47FE-BCF7-74AF29856883}.Debug|Any CPU.ActiveCfg = Debug|Any CPU
		{9FC31484-E0F9-47FE-BCF7-74AF29856883}.Debug|Any CPU.Build.0 = Debug|Any CPU
		{9FC31484-E0F9-47FE-BCF7-74AF29856883}.Release|Any CPU.ActiveCfg = Release|Any CPU
		{9FC31484-E0F9-47FE-BCF7-74AF29856883}.Release|Any CPU.Build.0 = Release|Any CPU
		{45ADA387-3A0A-4F9C-8A6F-6D51B64F52C2}.Debug|Any CPU.ActiveCfg = Debug|Any CPU
		{45ADA387-3A0A-4F9C-8A6F-6D51B64F52C2}.Debug|Any CPU.Build.0 = Debug|Any CPU
		{45ADA387-3A0A-4F9C-8A6F-6D51B64F52C2}.Release|Any CPU.ActiveCfg = Release|Any CPU
		{45ADA387-3A0A-4F9C-8A6F-6D51B64F52C2}.Release|Any CPU.Build.0 = Release|Any CPU
		{41D36BF5-4B25-4C53-83D7-855ABE97329D}.Debug|Any CPU.ActiveCfg = Debug|Any CPU
		{41D36BF5-4B25-4C53-83D7-855ABE97329D}.Debug|Any CPU.Build.0 = Debug|Any CPU
		{41D36BF5-4B25-4C53-83D7-855ABE97329D}.Release|Any CPU.ActiveCfg = Release|Any CPU
		{41D36BF5-4B25-4C53-83D7-855ABE97329D}.Release|Any CPU.Build.0 = Release|Any CPU
	EndGlobalSection
	GlobalSection(SolutionProperties) = preSolution
		HideSolutionNode = FALSE
	EndGlobalSection
	GlobalSection(NestedProjects) = preSolution
		{603424EA-AAF6-420A-AC06-AD069FEA949A} = {5948DE0B-A959-420E-9616-C9C9293C1E86}
		{824CBB8D-554B-406D-A3EC-497DA6AE697D} = {5948DE0B-A959-420E-9616-C9C9293C1E86}
		{7428185B-04FB-468E-B342-57B9409FE8FD} = {603424EA-AAF6-420A-AC06-AD069FEA949A}
		{4BE15865-8EAB-4A9B-9E5C-65DB3F38E4DF} = {603424EA-AAF6-420A-AC06-AD069FEA949A}
		{E9A3A73B-1852-440B-BC32-DC23B9609233} = {824CBB8D-554B-406D-A3EC-497DA6AE697D}
		{EBB65FC8-4BAF-42CC-9ED9-5916A3005E4A} = {824CBB8D-554B-406D-A3EC-497DA6AE697D}
		{F703ECDA-596C-4A66-ACF8-D232E8FE8831} = {A51CE642-696B-4CB8-9474-21851E2B84BA}
		{42DAE8A4-A4F4-405D-91BB-7DB368D1D3E8} = {603424EA-AAF6-420A-AC06-AD069FEA949A}
		{9FC31484-E0F9-47FE-BCF7-74AF29856883} = {603424EA-AAF6-420A-AC06-AD069FEA949A}
		{45ADA387-3A0A-4F9C-8A6F-6D51B64F52C2} = {A51CE642-696B-4CB8-9474-21851E2B84BA}
		{41D36BF5-4B25-4C53-83D7-855ABE97329D} = {A51CE642-696B-4CB8-9474-21851E2B84BA}
	EndGlobalSection
EndGlobal
